<?xml version="1.0" encoding="utf-8"?>
<Project ToolsVersion="4.0" xmlns="http://schemas.microsoft.com/developer/msbuild/2003">
  <ItemGroup>
    <ClCompile Include="Handlers\Private\inventory.cpp" />
    <ClCompile Include="Handlers\Private\login.cpp" />
    <ClCompile Include="Handlers\Private\pingpong.cpp" />
    <ClCompile Include="Handlers\Private\register.cpp" />
    <ClCompile Include="Private\dbconn.cpp" />
    <ClCompile Include="Private\DBServer.cpp" />
    <ClCompile Include="Private\message-handler.cpp" />
    <ClCompile Include="Private\test_client.cpp" />
    <ClCompile Include="Private\utility.cpp" />
    <ClCompile Include="Handlers\Private\character.cpp" />
  </ItemGroup>
  <ItemGroup>
    <ClInclude Include="Data\Public\characterStatus.hpp" />
    <ClInclude Include="Data\Public\inventory.hpp" />
    <ClInclude Include="Data\Public\item.hpp" />
    <ClInclude Include="Data\Public\user.hpp" />
    <ClInclude Include="Handlers\Public\inventory.h" />
    <ClInclude Include="Handlers\Public\login.h" />
    <ClInclude Include="Handlers\Public\pingpong.h" />
    <ClInclude Include="Handlers\Public\register.h" />
    <ClInclude Include="Public\boost-socket.hpp" />
    <ClInclude Include="Public\dbcon.hpp" />
    <ClInclude Include="Public\DBServer.h" />
    <ClInclude Include="Public\message-handler.h" />
    <ClInclude Include="Public\message.h" />
    <ClInclude Include="Public\net-utility.hpp" />
    <ClInclude Include="Public\test_client.h" />
    <ClInclude Include="Public\utility.hpp" />
    <ClInclude Include="Handlers\Public\character.h" />
  </ItemGroup>
</Project>